
Microsoft Visual Studio Solution File, Format Version 12.00
# Visual Studio Version 16
VisualStudioVersion = 16.0.29306.81
MinimumVisualStudioVersion = 10.0.40219.1
Project("{FAE04EC0-301F-11D3-BF4B-00C04F79EFBC}") = "CalculadoraIMC", "CalculadoraIMC\CalculadoraIMC.csproj", "{7627BF83-C751-47C3-8DC4-AA67C9AB4E32}"
EndProject
Global
	GlobalSection(SolutionConfigurationPlatforms) = preSolution
		Debug|Any CPU = Debug|Any CPU
		Release|Any CPU = Release|Any CPU
	EndGlobalSection
	GlobalSection(ProjectConfigurationPlatforms) = postSolution
		{7627BF83-C751-47C3-8DC4-AA67C9AB4E32}.Debug|Any CPU.ActiveCfg = Debug|Any CPU
		{7627BF83-C751-47C3-8DC4-AA67C9AB4E32}.Debug|Any CPU.Build.0 = Debug|Any CPU
		{7627BF83-C751-47C3-8DC4-AA67C9AB4E32}.Release|Any CPU.ActiveCfg = Release|Any CPU
		{7627BF83-C751-47C3-8DC4-AA67C9AB4E32}.Release|Any CPU.Build.0 = Release|Any CPU
	EndGlobalSection
	GlobalSection(SolutionProperties) = preSolution
		HideSolutionNode = FALSE
	EndGlobalSection
	GlobalSection(ExtensibilityGlobals) = postSolution
		SolutionGuid = {C09FDE0F-FCDF-4476-BB51-16E17F6A96E0}
	EndGlobalSection
EndGlobal
