
Microsoft Visual Studio Solution File, Format Version 12.00
# Visual Studio Version 16
VisualStudioVersion = 16.0.29306.81
MinimumVisualStudioVersion = 10.0.40219.1
Project("{FAE04EC0-301F-11D3-BF4B-00C04F79EFBC}") = "ListagemDeCarros", "ListagemDeCarros\ListagemDeCarros.csproj", "{2FD89A2E-031B-4D66-BADE-51019E7C79EB}"
EndProject
Global
	GlobalSection(SolutionConfigurationPlatforms) = preSolution
		Debug|Any CPU = Debug|Any CPU
		Release|Any CPU = Release|Any CPU
	EndGlobalSection
	GlobalSection(ProjectConfigurationPlatforms) = postSolution
		{2FD89A2E-031B-4D66-BADE-51019E7C79EB}.Debug|Any CPU.ActiveCfg = Debug|Any CPU
		{2FD89A2E-031B-4D66-BADE-51019E7C79EB}.Debug|Any CPU.Build.0 = Debug|Any CPU
		{2FD89A2E-031B-4D66-BADE-51019E7C79EB}.Release|Any CPU.ActiveCfg = Release|Any CPU
		{2FD89A2E-031B-4D66-BADE-51019E7C79EB}.Release|Any CPU.Build.0 = Release|Any CPU
	EndGlobalSection
	GlobalSection(SolutionProperties) = preSolution
		HideSolutionNode = FALSE
	EndGlobalSection
	GlobalSection(ExtensibilityGlobals) = postSolution
		SolutionGuid = {1437044E-CA5F-423F-A45D-755DC7D9C65D}
	EndGlobalSection
EndGlobal
