
Microsoft Visual Studio Solution File, Format Version 12.00
# Visual Studio Version 16
VisualStudioVersion = 16.0.29424.173
MinimumVisualStudioVersion = 10.0.40219.1
Project("{FAE04EC0-301F-11D3-BF4B-00C04F79EFBC}") = "WebCoreApi", "WebCoreApi\WebCoreApi.csproj", "{0F14D29C-42F7-4E2E-96BE-3B77FA21EB48}"
EndProject
Global
	GlobalSection(SolutionConfigurationPlatforms) = preSolution
		Debug|Any CPU = Debug|Any CPU
		Release|Any CPU = Release|Any CPU
	EndGlobalSection
	GlobalSection(ProjectConfigurationPlatforms) = postSolution
		{0F14D29C-42F7-4E2E-96BE-3B77FA21EB48}.Debug|Any CPU.ActiveCfg = Debug|Any CPU
		{0F14D29C-42F7-4E2E-96BE-3B77FA21EB48}.Debug|Any CPU.Build.0 = Debug|Any CPU
		{0F14D29C-42F7-4E2E-96BE-3B77FA21EB48}.Release|Any CPU.ActiveCfg = Release|Any CPU
		{0F14D29C-42F7-4E2E-96BE-3B77FA21EB48}.Release|Any CPU.Build.0 = Release|Any CPU
	EndGlobalSection
	GlobalSection(SolutionProperties) = preSolution
		HideSolutionNode = FALSE
	EndGlobalSection
	GlobalSection(ExtensibilityGlobals) = postSolution
		SolutionGuid = {EAE1BED9-7DBB-413E-9B83-460988ECD910}
	EndGlobalSection
EndGlobal
