
Microsoft Visual Studio Solution File, Format Version 12.00
# Visual Studio Version 16
VisualStudioVersion = 16.0.29306.81
MinimumVisualStudioVersion = 10.0.40219.1
Project("{FAE04EC0-301F-11D3-BF4B-00C04F79EFBC}") = "FluxogramaPneu", "FluxogramaPneu\FluxogramaPneu.csproj", "{B8ABAE75-29A8-4966-BA98-93478E93920B}"
EndProject
Global
	GlobalSection(SolutionConfigurationPlatforms) = preSolution
		Debug|Any CPU = Debug|Any CPU
		Release|Any CPU = Release|Any CPU
	EndGlobalSection
	GlobalSection(ProjectConfigurationPlatforms) = postSolution
		{B8ABAE75-29A8-4966-BA98-93478E93920B}.Debug|Any CPU.ActiveCfg = Debug|Any CPU
		{B8ABAE75-29A8-4966-BA98-93478E93920B}.Debug|Any CPU.Build.0 = Debug|Any CPU
		{B8ABAE75-29A8-4966-BA98-93478E93920B}.Release|Any CPU.ActiveCfg = Release|Any CPU
		{B8ABAE75-29A8-4966-BA98-93478E93920B}.Release|Any CPU.Build.0 = Release|Any CPU
	EndGlobalSection
	GlobalSection(SolutionProperties) = preSolution
		HideSolutionNode = FALSE
	EndGlobalSection
	GlobalSection(ExtensibilityGlobals) = postSolution
		SolutionGuid = {0D8FF726-5A6D-46E3-A91E-D40F5682B0EF}
	EndGlobalSection
EndGlobal
