
Microsoft Visual Studio Solution File, Format Version 12.00
# Visual Studio Version 16
VisualStudioVersion = 16.0.29209.62
MinimumVisualStudioVersion = 10.0.40219.1
Project("{FAE04EC0-301F-11D3-BF4B-00C04F79EFBC}") = "SistemaBiblioteca", "SistemaBiblioteca\SistemaBiblioteca.csproj", "{7B46FC27-E7BF-439D-821F-AE6519D0AEB0}"
EndProject
Global
	GlobalSection(SolutionConfigurationPlatforms) = preSolution
		Debug|Any CPU = Debug|Any CPU
		Release|Any CPU = Release|Any CPU
	EndGlobalSection
	GlobalSection(ProjectConfigurationPlatforms) = postSolution
		{7B46FC27-E7BF-439D-821F-AE6519D0AEB0}.Debug|Any CPU.ActiveCfg = Debug|Any CPU
		{7B46FC27-E7BF-439D-821F-AE6519D0AEB0}.Debug|Any CPU.Build.0 = Debug|Any CPU
		{7B46FC27-E7BF-439D-821F-AE6519D0AEB0}.Release|Any CPU.ActiveCfg = Release|Any CPU
		{7B46FC27-E7BF-439D-821F-AE6519D0AEB0}.Release|Any CPU.Build.0 = Release|Any CPU
	EndGlobalSection
	GlobalSection(SolutionProperties) = preSolution
		HideSolutionNode = FALSE
	EndGlobalSection
	GlobalSection(ExtensibilityGlobals) = postSolution
		SolutionGuid = {0D47F3EF-BCEB-4D76-9FC4-884E8843DF60}
	EndGlobalSection
EndGlobal
