
Microsoft Visual Studio Solution File, Format Version 12.00
# Visual Studio Version 16
VisualStudioVersion = 16.0.29306.81
MinimumVisualStudioVersion = 10.0.40219.1
Project("{FAE04EC0-301F-11D3-BF4B-00C04F79EFBC}") = "ExercicioOrdenacao", "ExercicioOrdenacao\ExercicioOrdenacao.csproj", "{F3CEF065-D717-4898-B131-91838397A3FC}"
EndProject
Global
	GlobalSection(SolutionConfigurationPlatforms) = preSolution
		Debug|Any CPU = Debug|Any CPU
		Release|Any CPU = Release|Any CPU
	EndGlobalSection
	GlobalSection(ProjectConfigurationPlatforms) = postSolution
		{F3CEF065-D717-4898-B131-91838397A3FC}.Debug|Any CPU.ActiveCfg = Debug|Any CPU
		{F3CEF065-D717-4898-B131-91838397A3FC}.Debug|Any CPU.Build.0 = Debug|Any CPU
		{F3CEF065-D717-4898-B131-91838397A3FC}.Release|Any CPU.ActiveCfg = Release|Any CPU
		{F3CEF065-D717-4898-B131-91838397A3FC}.Release|Any CPU.Build.0 = Release|Any CPU
	EndGlobalSection
	GlobalSection(SolutionProperties) = preSolution
		HideSolutionNode = FALSE
	EndGlobalSection
	GlobalSection(ExtensibilityGlobals) = postSolution
		SolutionGuid = {A9F7B05C-0CB5-4D80-8E23-A012DC33D70A}
	EndGlobalSection
EndGlobal
