
Microsoft Visual Studio Solution File, Format Version 12.00
# Visual Studio Version 16
VisualStudioVersion = 16.0.29306.81
MinimumVisualStudioVersion = 10.0.40219.1
Project("{FAE04EC0-301F-11D3-BF4B-00C04F79EFBC}") = "Exerc01", "Exerc01\Exerc01.csproj", "{002CEFC4-D33B-47E3-893E-E45B60F6ACF6}"
EndProject
Project("{FAE04EC0-301F-11D3-BF4B-00C04F79EFBC}") = "Exerc02", "Exerc02\Exerc02.csproj", "{AD9FF9FD-BB24-4226-BBEF-A72401CEF96D}"
EndProject
Project("{FAE04EC0-301F-11D3-BF4B-00C04F79EFBC}") = "Exerc03", "Exerc03\Exerc03.csproj", "{CB711733-AC0E-42AB-8942-8E3DB40556F1}"
EndProject
Project("{FAE04EC0-301F-11D3-BF4B-00C04F79EFBC}") = "Exerc04", "Exerc04\Exerc04.csproj", "{37D8E7EB-D58A-4384-9F38-2A28CD3F095C}"
EndProject
Project("{FAE04EC0-301F-11D3-BF4B-00C04F79EFBC}") = "Exerc05", "Exerc05\Exerc05.csproj", "{E7611592-63F3-4286-A90B-D287121B5DCB}"
EndProject
Project("{FAE04EC0-301F-11D3-BF4B-00C04F79EFBC}") = "Exerc06", "Exerc06\Exerc06.csproj", "{86A280BF-A62D-44CF-A1E7-F20111BF5366}"
EndProject
Project("{FAE04EC0-301F-11D3-BF4B-00C04F79EFBC}") = "Exerc07", "Exerc07\Exerc07.csproj", "{90C88895-3DEE-4DB2-9EB9-E98D4EB0618C}"
EndProject
Project("{FAE04EC0-301F-11D3-BF4B-00C04F79EFBC}") = "Exerc07Version01", "Exerc07Version01\Exerc07Version01.csproj", "{4F051EBC-6CAC-4A72-8C8D-AAE59A8C2E9E}"
EndProject
Global
	GlobalSection(SolutionConfigurationPlatforms) = preSolution
		Debug|Any CPU = Debug|Any CPU
		Release|Any CPU = Release|Any CPU
	EndGlobalSection
	GlobalSection(ProjectConfigurationPlatforms) = postSolution
		{002CEFC4-D33B-47E3-893E-E45B60F6ACF6}.Debug|Any CPU.ActiveCfg = Debug|Any CPU
		{002CEFC4-D33B-47E3-893E-E45B60F6ACF6}.Debug|Any CPU.Build.0 = Debug|Any CPU
		{002CEFC4-D33B-47E3-893E-E45B60F6ACF6}.Release|Any CPU.ActiveCfg = Release|Any CPU
		{002CEFC4-D33B-47E3-893E-E45B60F6ACF6}.Release|Any CPU.Build.0 = Release|Any CPU
		{AD9FF9FD-BB24-4226-BBEF-A72401CEF96D}.Debug|Any CPU.ActiveCfg = Debug|Any CPU
		{AD9FF9FD-BB24-4226-BBEF-A72401CEF96D}.Debug|Any CPU.Build.0 = Debug|Any CPU
		{AD9FF9FD-BB24-4226-BBEF-A72401CEF96D}.Release|Any CPU.ActiveCfg = Release|Any CPU
		{AD9FF9FD-BB24-4226-BBEF-A72401CEF96D}.Release|Any CPU.Build.0 = Release|Any CPU
		{CB711733-AC0E-42AB-8942-8E3DB40556F1}.Debug|Any CPU.ActiveCfg = Debug|Any CPU
		{CB711733-AC0E-42AB-8942-8E3DB40556F1}.Debug|Any CPU.Build.0 = Debug|Any CPU
		{CB711733-AC0E-42AB-8942-8E3DB40556F1}.Release|Any CPU.ActiveCfg = Release|Any CPU
		{CB711733-AC0E-42AB-8942-8E3DB40556F1}.Release|Any CPU.Build.0 = Release|Any CPU
		{37D8E7EB-D58A-4384-9F38-2A28CD3F095C}.Debug|Any CPU.ActiveCfg = Debug|Any CPU
		{37D8E7EB-D58A-4384-9F38-2A28CD3F095C}.Debug|Any CPU.Build.0 = Debug|Any CPU
		{37D8E7EB-D58A-4384-9F38-2A28CD3F095C}.Release|Any CPU.ActiveCfg = Release|Any CPU
		{37D8E7EB-D58A-4384-9F38-2A28CD3F095C}.Release|Any CPU.Build.0 = Release|Any CPU
		{E7611592-63F3-4286-A90B-D287121B5DCB}.Debug|Any CPU.ActiveCfg = Debug|Any CPU
		{E7611592-63F3-4286-A90B-D287121B5DCB}.Debug|Any CPU.Build.0 = Debug|Any CPU
		{E7611592-63F3-4286-A90B-D287121B5DCB}.Release|Any CPU.ActiveCfg = Release|Any CPU
		{E7611592-63F3-4286-A90B-D287121B5DCB}.Release|Any CPU.Build.0 = Release|Any CPU
		{86A280BF-A62D-44CF-A1E7-F20111BF5366}.Debug|Any CPU.ActiveCfg = Debug|Any CPU
		{86A280BF-A62D-44CF-A1E7-F20111BF5366}.Debug|Any CPU.Build.0 = Debug|Any CPU
		{86A280BF-A62D-44CF-A1E7-F20111BF5366}.Release|Any CPU.ActiveCfg = Release|Any CPU
		{86A280BF-A62D-44CF-A1E7-F20111BF5366}.Release|Any CPU.Build.0 = Release|Any CPU
		{90C88895-3DEE-4DB2-9EB9-E98D4EB0618C}.Debug|Any CPU.ActiveCfg = Debug|Any CPU
		{90C88895-3DEE-4DB2-9EB9-E98D4EB0618C}.Debug|Any CPU.Build.0 = Debug|Any CPU
		{90C88895-3DEE-4DB2-9EB9-E98D4EB0618C}.Release|Any CPU.ActiveCfg = Release|Any CPU
		{90C88895-3DEE-4DB2-9EB9-E98D4EB0618C}.Release|Any CPU.Build.0 = Release|Any CPU
		{4F051EBC-6CAC-4A72-8C8D-AAE59A8C2E9E}.Debug|Any CPU.ActiveCfg = Debug|Any CPU
		{4F051EBC-6CAC-4A72-8C8D-AAE59A8C2E9E}.Debug|Any CPU.Build.0 = Debug|Any CPU
		{4F051EBC-6CAC-4A72-8C8D-AAE59A8C2E9E}.Release|Any CPU.ActiveCfg = Release|Any CPU
		{4F051EBC-6CAC-4A72-8C8D-AAE59A8C2E9E}.Release|Any CPU.Build.0 = Release|Any CPU
	EndGlobalSection
	GlobalSection(SolutionProperties) = preSolution
		HideSolutionNode = FALSE
	EndGlobalSection
	GlobalSection(ExtensibilityGlobals) = postSolution
		SolutionGuid = {42EE8FBA-C3A7-4F6D-8A8A-5A4696D2F086}
	EndGlobalSection
EndGlobal
