
Microsoft Visual Studio Solution File, Format Version 12.00
# Visual Studio Version 16
VisualStudioVersion = 16.0.29306.81
MinimumVisualStudioVersion = 10.0.40219.1
Project("{FAE04EC0-301F-11D3-BF4B-00C04F79EFBC}") = "CrazyProject", "CrazyProject\CrazyProject.csproj", "{20DEA38B-63D3-4A2F-8E4B-C5BE8E2F164E}"
EndProject
Project("{FAE04EC0-301F-11D3-BF4B-00C04F79EFBC}") = "Arvore", "Arvore\Arvore.csproj", "{F3341D4E-8177-4EF5-BFFB-DDB92874EDF3}"
EndProject
Global
	GlobalSection(SolutionConfigurationPlatforms) = preSolution
		Debug|Any CPU = Debug|Any CPU
		Release|Any CPU = Release|Any CPU
	EndGlobalSection
	GlobalSection(ProjectConfigurationPlatforms) = postSolution
		{20DEA38B-63D3-4A2F-8E4B-C5BE8E2F164E}.Debug|Any CPU.ActiveCfg = Debug|Any CPU
		{20DEA38B-63D3-4A2F-8E4B-C5BE8E2F164E}.Debug|Any CPU.Build.0 = Debug|Any CPU
		{20DEA38B-63D3-4A2F-8E4B-C5BE8E2F164E}.Release|Any CPU.ActiveCfg = Release|Any CPU
		{20DEA38B-63D3-4A2F-8E4B-C5BE8E2F164E}.Release|Any CPU.Build.0 = Release|Any CPU
		{F3341D4E-8177-4EF5-BFFB-DDB92874EDF3}.Debug|Any CPU.ActiveCfg = Debug|Any CPU
		{F3341D4E-8177-4EF5-BFFB-DDB92874EDF3}.Debug|Any CPU.Build.0 = Debug|Any CPU
		{F3341D4E-8177-4EF5-BFFB-DDB92874EDF3}.Release|Any CPU.ActiveCfg = Release|Any CPU
		{F3341D4E-8177-4EF5-BFFB-DDB92874EDF3}.Release|Any CPU.Build.0 = Release|Any CPU
	EndGlobalSection
	GlobalSection(SolutionProperties) = preSolution
		HideSolutionNode = FALSE
	EndGlobalSection
	GlobalSection(ExtensibilityGlobals) = postSolution
		SolutionGuid = {52C2A41B-B910-4020-ACFC-A8A6EEB8B34D}
	EndGlobalSection
EndGlobal
