
Microsoft Visual Studio Solution File, Format Version 12.00
# Visual Studio Version 16
VisualStudioVersion = 16.0.29306.81
MinimumVisualStudioVersion = 10.0.40219.1
Project("{FAE04EC0-301F-11D3-BF4B-00C04F79EFBC}") = "AprendendoOList", "AprendendoOList\AprendendoOList.csproj", "{CE5DA773-FCA9-4543-930C-60B1703CEA5F}"
EndProject
Global
	GlobalSection(SolutionConfigurationPlatforms) = preSolution
		Debug|Any CPU = Debug|Any CPU
		Release|Any CPU = Release|Any CPU
	EndGlobalSection
	GlobalSection(ProjectConfigurationPlatforms) = postSolution
		{CE5DA773-FCA9-4543-930C-60B1703CEA5F}.Debug|Any CPU.ActiveCfg = Debug|Any CPU
		{CE5DA773-FCA9-4543-930C-60B1703CEA5F}.Debug|Any CPU.Build.0 = Debug|Any CPU
		{CE5DA773-FCA9-4543-930C-60B1703CEA5F}.Release|Any CPU.ActiveCfg = Release|Any CPU
		{CE5DA773-FCA9-4543-930C-60B1703CEA5F}.Release|Any CPU.Build.0 = Release|Any CPU
	EndGlobalSection
	GlobalSection(SolutionProperties) = preSolution
		HideSolutionNode = FALSE
	EndGlobalSection
	GlobalSection(ExtensibilityGlobals) = postSolution
		SolutionGuid = {CBAA2AAF-6070-4EB6-90E4-E829D0101633}
	EndGlobalSection
EndGlobal
