
Microsoft Visual Studio Solution File, Format Version 12.00
# Visual Studio Version 16
VisualStudioVersion = 16.0.29424.173
MinimumVisualStudioVersion = 10.0.40219.1
Project("{FAE04EC0-301F-11D3-BF4B-00C04F79EFBC}") = "LoginUsuario", "LoginUsuario\LoginUsuario.csproj", "{693C9A5E-BF05-43F0-AA18-DA9C64B77DDF}"
EndProject
Global
	GlobalSection(SolutionConfigurationPlatforms) = preSolution
		Debug|Any CPU = Debug|Any CPU
		Release|Any CPU = Release|Any CPU
	EndGlobalSection
	GlobalSection(ProjectConfigurationPlatforms) = postSolution
		{693C9A5E-BF05-43F0-AA18-DA9C64B77DDF}.Debug|Any CPU.ActiveCfg = Debug|Any CPU
		{693C9A5E-BF05-43F0-AA18-DA9C64B77DDF}.Debug|Any CPU.Build.0 = Debug|Any CPU
		{693C9A5E-BF05-43F0-AA18-DA9C64B77DDF}.Release|Any CPU.ActiveCfg = Release|Any CPU
		{693C9A5E-BF05-43F0-AA18-DA9C64B77DDF}.Release|Any CPU.Build.0 = Release|Any CPU
	EndGlobalSection
	GlobalSection(SolutionProperties) = preSolution
		HideSolutionNode = FALSE
	EndGlobalSection
	GlobalSection(ExtensibilityGlobals) = postSolution
		SolutionGuid = {E14CE609-C6BA-4875-90CA-288EBAA71C19}
	EndGlobalSection
EndGlobal
