
Microsoft Visual Studio Solution File, Format Version 12.00
# Visual Studio Version 16
VisualStudioVersion = 16.0.29306.81
MinimumVisualStudioVersion = 10.0.40219.1
Project("{FAE04EC0-301F-11D3-BF4B-00C04F79EFBC}") = "CatalogoCelulares", "CatalogoCelulares\CatalogoCelulares.csproj", "{1B62FB30-EA9D-41B4-A8B2-20CBF379A912}"
EndProject
Project("{FAE04EC0-301F-11D3-BF4B-00C04F79EFBC}") = "CellDu", "CellDu\CellDu.csproj", "{2FDA564E-387B-49FB-A4A2-44D0C6FAA0C6}"
EndProject
Global
	GlobalSection(SolutionConfigurationPlatforms) = preSolution
		Debug|Any CPU = Debug|Any CPU
		Release|Any CPU = Release|Any CPU
	EndGlobalSection
	GlobalSection(ProjectConfigurationPlatforms) = postSolution
		{1B62FB30-EA9D-41B4-A8B2-20CBF379A912}.Debug|Any CPU.ActiveCfg = Debug|Any CPU
		{1B62FB30-EA9D-41B4-A8B2-20CBF379A912}.Debug|Any CPU.Build.0 = Debug|Any CPU
		{1B62FB30-EA9D-41B4-A8B2-20CBF379A912}.Release|Any CPU.ActiveCfg = Release|Any CPU
		{1B62FB30-EA9D-41B4-A8B2-20CBF379A912}.Release|Any CPU.Build.0 = Release|Any CPU
		{2FDA564E-387B-49FB-A4A2-44D0C6FAA0C6}.Debug|Any CPU.ActiveCfg = Debug|Any CPU
		{2FDA564E-387B-49FB-A4A2-44D0C6FAA0C6}.Debug|Any CPU.Build.0 = Debug|Any CPU
		{2FDA564E-387B-49FB-A4A2-44D0C6FAA0C6}.Release|Any CPU.ActiveCfg = Release|Any CPU
		{2FDA564E-387B-49FB-A4A2-44D0C6FAA0C6}.Release|Any CPU.Build.0 = Release|Any CPU
	EndGlobalSection
	GlobalSection(SolutionProperties) = preSolution
		HideSolutionNode = FALSE
	EndGlobalSection
	GlobalSection(ExtensibilityGlobals) = postSolution
		SolutionGuid = {16E2891A-8B1D-483C-A65A-F8485E1F39F4}
	EndGlobalSection
EndGlobal
