
Microsoft Visual Studio Solution File, Format Version 12.00
# Visual Studio Version 16
VisualStudioVersion = 16.0.29424.173
MinimumVisualStudioVersion = 10.0.40219.1
Project("{FAE04EC0-301F-11D3-BF4B-00C04F79EFBC}") = "WebApiNetCore", "WebApiNetCore\WebApiNetCore.csproj", "{5CFCF804-A986-4747-A3C9-2919E86C57C5}"
EndProject
Global
	GlobalSection(SolutionConfigurationPlatforms) = preSolution
		Debug|Any CPU = Debug|Any CPU
		Release|Any CPU = Release|Any CPU
	EndGlobalSection
	GlobalSection(ProjectConfigurationPlatforms) = postSolution
		{5CFCF804-A986-4747-A3C9-2919E86C57C5}.Debug|Any CPU.ActiveCfg = Debug|Any CPU
		{5CFCF804-A986-4747-A3C9-2919E86C57C5}.Debug|Any CPU.Build.0 = Debug|Any CPU
		{5CFCF804-A986-4747-A3C9-2919E86C57C5}.Release|Any CPU.ActiveCfg = Release|Any CPU
		{5CFCF804-A986-4747-A3C9-2919E86C57C5}.Release|Any CPU.Build.0 = Release|Any CPU
	EndGlobalSection
	GlobalSection(SolutionProperties) = preSolution
		HideSolutionNode = FALSE
	EndGlobalSection
	GlobalSection(ExtensibilityGlobals) = postSolution
		SolutionGuid = {4C98CB05-A190-4404-B809-19678753B38A}
	EndGlobalSection
EndGlobal
