
Microsoft Visual Studio Solution File, Format Version 12.00
# Visual Studio Version 16
VisualStudioVersion = 16.0.29306.81
MinimumVisualStudioVersion = 10.0.40219.1
Project("{FAE04EC0-301F-11D3-BF4B-00C04F79EFBC}") = "ListandoNomes", "ListandoNomes\ListandoNomes.csproj", "{D5284E32-80E1-4DF0-8577-D832C362EA96}"
EndProject
Project("{FAE04EC0-301F-11D3-BF4B-00C04F79EFBC}") = "SistemaDeNomes", "SistemaDeNomes\SistemaDeNomes.csproj", "{DAD94C7B-CFF4-401A-8EAB-168077FE0094}"
EndProject
Global
	GlobalSection(SolutionConfigurationPlatforms) = preSolution
		Debug|Any CPU = Debug|Any CPU
		Release|Any CPU = Release|Any CPU
	EndGlobalSection
	GlobalSection(ProjectConfigurationPlatforms) = postSolution
		{D5284E32-80E1-4DF0-8577-D832C362EA96}.Debug|Any CPU.ActiveCfg = Debug|Any CPU
		{D5284E32-80E1-4DF0-8577-D832C362EA96}.Debug|Any CPU.Build.0 = Debug|Any CPU
		{D5284E32-80E1-4DF0-8577-D832C362EA96}.Release|Any CPU.ActiveCfg = Release|Any CPU
		{D5284E32-80E1-4DF0-8577-D832C362EA96}.Release|Any CPU.Build.0 = Release|Any CPU
		{DAD94C7B-CFF4-401A-8EAB-168077FE0094}.Debug|Any CPU.ActiveCfg = Debug|Any CPU
		{DAD94C7B-CFF4-401A-8EAB-168077FE0094}.Debug|Any CPU.Build.0 = Debug|Any CPU
		{DAD94C7B-CFF4-401A-8EAB-168077FE0094}.Release|Any CPU.ActiveCfg = Release|Any CPU
		{DAD94C7B-CFF4-401A-8EAB-168077FE0094}.Release|Any CPU.Build.0 = Release|Any CPU
	EndGlobalSection
	GlobalSection(SolutionProperties) = preSolution
		HideSolutionNode = FALSE
	EndGlobalSection
	GlobalSection(ExtensibilityGlobals) = postSolution
		SolutionGuid = {0B4B99E5-22CF-40E7-A287-47E6BD12DD23}
	EndGlobalSection
EndGlobal
