
Microsoft Visual Studio Solution File, Format Version 12.00
# Visual Studio Version 16
VisualStudioVersion = 16.0.29306.81
MinimumVisualStudioVersion = 10.0.40219.1
Project("{FAE04EC0-301F-11D3-BF4B-00C04F79EFBC}") = "SistemaRelatorioCarros", "SistemaRelatorio\SistemaRelatorioCarros.csproj", "{26D6C7B5-6376-4567-BB01-DF8BF667E8C2}"
EndProject
Project("{FAE04EC0-301F-11D3-BF4B-00C04F79EFBC}") = "InterfaceSistemaRelatorio", "InterfaceSistemaRelatorio\InterfaceSistemaRelatorio.csproj", "{69B1370A-B7CC-4D69-945E-8EF72F7DABD6}"
EndProject
Global
	GlobalSection(SolutionConfigurationPlatforms) = preSolution
		Debug|Any CPU = Debug|Any CPU
		Release|Any CPU = Release|Any CPU
	EndGlobalSection
	GlobalSection(ProjectConfigurationPlatforms) = postSolution
		{26D6C7B5-6376-4567-BB01-DF8BF667E8C2}.Debug|Any CPU.ActiveCfg = Debug|Any CPU
		{26D6C7B5-6376-4567-BB01-DF8BF667E8C2}.Debug|Any CPU.Build.0 = Debug|Any CPU
		{26D6C7B5-6376-4567-BB01-DF8BF667E8C2}.Release|Any CPU.ActiveCfg = Release|Any CPU
		{26D6C7B5-6376-4567-BB01-DF8BF667E8C2}.Release|Any CPU.Build.0 = Release|Any CPU
		{69B1370A-B7CC-4D69-945E-8EF72F7DABD6}.Debug|Any CPU.ActiveCfg = Debug|Any CPU
		{69B1370A-B7CC-4D69-945E-8EF72F7DABD6}.Debug|Any CPU.Build.0 = Debug|Any CPU
		{69B1370A-B7CC-4D69-945E-8EF72F7DABD6}.Release|Any CPU.ActiveCfg = Release|Any CPU
		{69B1370A-B7CC-4D69-945E-8EF72F7DABD6}.Release|Any CPU.Build.0 = Release|Any CPU
	EndGlobalSection
	GlobalSection(SolutionProperties) = preSolution
		HideSolutionNode = FALSE
	EndGlobalSection
	GlobalSection(ExtensibilityGlobals) = postSolution
		SolutionGuid = {6FAFBFE5-B517-4E19-93A6-1E0E82F4BA54}
	EndGlobalSection
EndGlobal
