
Microsoft Visual Studio Solution File, Format Version 12.00
# Visual Studio Version 16
VisualStudioVersion = 16.0.29306.81
MinimumVisualStudioVersion = 10.0.40219.1
Project("{FAE04EC0-301F-11D3-BF4B-00C04F79EFBC}") = "MatrizArray", "MatrizArray\MatrizArray.csproj", "{C438AB8A-7A62-4788-8A0F-41A4E0F6E0F1}"
EndProject
Global
	GlobalSection(SolutionConfigurationPlatforms) = preSolution
		Debug|Any CPU = Debug|Any CPU
		Release|Any CPU = Release|Any CPU
	EndGlobalSection
	GlobalSection(ProjectConfigurationPlatforms) = postSolution
		{C438AB8A-7A62-4788-8A0F-41A4E0F6E0F1}.Debug|Any CPU.ActiveCfg = Debug|Any CPU
		{C438AB8A-7A62-4788-8A0F-41A4E0F6E0F1}.Debug|Any CPU.Build.0 = Debug|Any CPU
		{C438AB8A-7A62-4788-8A0F-41A4E0F6E0F1}.Release|Any CPU.ActiveCfg = Release|Any CPU
		{C438AB8A-7A62-4788-8A0F-41A4E0F6E0F1}.Release|Any CPU.Build.0 = Release|Any CPU
	EndGlobalSection
	GlobalSection(SolutionProperties) = preSolution
		HideSolutionNode = FALSE
	EndGlobalSection
	GlobalSection(ExtensibilityGlobals) = postSolution
		SolutionGuid = {340D3C65-8A0B-4D32-8398-D6E94ECFC016}
	EndGlobalSection
EndGlobal
