
Microsoft Visual Studio Solution File, Format Version 12.00
# Visual Studio Version 16
VisualStudioVersion = 16.0.29230.47
MinimumVisualStudioVersion = 10.0.40219.1
Project("{FAE04EC0-301F-11D3-BF4B-00C04F79EFBC}") = "StringBuilderComentarios", "StringBuilderComentarios\StringBuilderComentarios.csproj", "{9E9DE959-9A7D-4629-9AAC-EC161C7B830C}"
EndProject
Global
	GlobalSection(SolutionConfigurationPlatforms) = preSolution
		Debug|Any CPU = Debug|Any CPU
		Release|Any CPU = Release|Any CPU
	EndGlobalSection
	GlobalSection(ProjectConfigurationPlatforms) = postSolution
		{9E9DE959-9A7D-4629-9AAC-EC161C7B830C}.Debug|Any CPU.ActiveCfg = Debug|Any CPU
		{9E9DE959-9A7D-4629-9AAC-EC161C7B830C}.Debug|Any CPU.Build.0 = Debug|Any CPU
		{9E9DE959-9A7D-4629-9AAC-EC161C7B830C}.Release|Any CPU.ActiveCfg = Release|Any CPU
		{9E9DE959-9A7D-4629-9AAC-EC161C7B830C}.Release|Any CPU.Build.0 = Release|Any CPU
	EndGlobalSection
	GlobalSection(SolutionProperties) = preSolution
		HideSolutionNode = FALSE
	EndGlobalSection
	GlobalSection(ExtensibilityGlobals) = postSolution
		SolutionGuid = {E4FA9632-B9DF-434E-A505-816FE1F3EB46}
	EndGlobalSection
EndGlobal
