
Microsoft Visual Studio Solution File, Format Version 12.00
# Visual Studio Version 16
VisualStudioVersion = 16.0.29424.173
MinimumVisualStudioVersion = 10.0.40219.1
Project("{FAE04EC0-301F-11D3-BF4B-00C04F79EFBC}") = "ApiCalcular", "ApiCalcular\ApiCalcular.csproj", "{5021CB21-81E2-4E3D-8F87-10CCB2E9F488}"
EndProject
Global
	GlobalSection(SolutionConfigurationPlatforms) = preSolution
		Debug|Any CPU = Debug|Any CPU
		Release|Any CPU = Release|Any CPU
	EndGlobalSection
	GlobalSection(ProjectConfigurationPlatforms) = postSolution
		{5021CB21-81E2-4E3D-8F87-10CCB2E9F488}.Debug|Any CPU.ActiveCfg = Debug|Any CPU
		{5021CB21-81E2-4E3D-8F87-10CCB2E9F488}.Debug|Any CPU.Build.0 = Debug|Any CPU
		{5021CB21-81E2-4E3D-8F87-10CCB2E9F488}.Release|Any CPU.ActiveCfg = Release|Any CPU
		{5021CB21-81E2-4E3D-8F87-10CCB2E9F488}.Release|Any CPU.Build.0 = Release|Any CPU
	EndGlobalSection
	GlobalSection(SolutionProperties) = preSolution
		HideSolutionNode = FALSE
	EndGlobalSection
	GlobalSection(ExtensibilityGlobals) = postSolution
		SolutionGuid = {715D935A-589B-4955-A4B6-6A5C30414699}
	EndGlobalSection
EndGlobal
