
Microsoft Visual Studio Solution File, Format Version 12.00
# Visual Studio Version 16
VisualStudioVersion = 16.0.29306.81
MinimumVisualStudioVersion = 10.0.40219.1
Project("{FAE04EC0-301F-11D3-BF4B-00C04F79EFBC}") = "ProjetoNomes", "ProjetoNomes\ProjetoNomes.csproj", "{D5BF3176-59A8-4D97-83F7-AED2721117CD}"
EndProject
Project("{FAE04EC0-301F-11D3-BF4B-00C04F79EFBC}") = "ListarNomes", "ListarNomes\ListarNomes.csproj", "{1B4F15C0-575C-4366-8A0B-32BBB60AA6A1}"
EndProject
Global
	GlobalSection(SolutionConfigurationPlatforms) = preSolution
		Debug|Any CPU = Debug|Any CPU
		Release|Any CPU = Release|Any CPU
	EndGlobalSection
	GlobalSection(ProjectConfigurationPlatforms) = postSolution
		{D5BF3176-59A8-4D97-83F7-AED2721117CD}.Debug|Any CPU.ActiveCfg = Debug|Any CPU
		{D5BF3176-59A8-4D97-83F7-AED2721117CD}.Debug|Any CPU.Build.0 = Debug|Any CPU
		{D5BF3176-59A8-4D97-83F7-AED2721117CD}.Release|Any CPU.ActiveCfg = Release|Any CPU
		{D5BF3176-59A8-4D97-83F7-AED2721117CD}.Release|Any CPU.Build.0 = Release|Any CPU
		{1B4F15C0-575C-4366-8A0B-32BBB60AA6A1}.Debug|Any CPU.ActiveCfg = Debug|Any CPU
		{1B4F15C0-575C-4366-8A0B-32BBB60AA6A1}.Debug|Any CPU.Build.0 = Debug|Any CPU
		{1B4F15C0-575C-4366-8A0B-32BBB60AA6A1}.Release|Any CPU.ActiveCfg = Release|Any CPU
		{1B4F15C0-575C-4366-8A0B-32BBB60AA6A1}.Release|Any CPU.Build.0 = Release|Any CPU
	EndGlobalSection
	GlobalSection(SolutionProperties) = preSolution
		HideSolutionNode = FALSE
	EndGlobalSection
	GlobalSection(ExtensibilityGlobals) = postSolution
		SolutionGuid = {230275B2-2588-437E-A0DE-B6253C934EDC}
	EndGlobalSection
EndGlobal
