
Microsoft Visual Studio Solution File, Format Version 12.00
# Visual Studio Version 16
VisualStudioVersion = 16.0.29306.81
MinimumVisualStudioVersion = 10.0.40219.1
Project("{FAE04EC0-301F-11D3-BF4B-00C04F79EFBC}") = "AmigosFixo", "AmigosFixo\AmigosFixo.csproj", "{C23C27CC-247D-48F9-8DCD-7F76C07443CB}"
EndProject
Global
	GlobalSection(SolutionConfigurationPlatforms) = preSolution
		Debug|Any CPU = Debug|Any CPU
		Release|Any CPU = Release|Any CPU
	EndGlobalSection
	GlobalSection(ProjectConfigurationPlatforms) = postSolution
		{C23C27CC-247D-48F9-8DCD-7F76C07443CB}.Debug|Any CPU.ActiveCfg = Debug|Any CPU
		{C23C27CC-247D-48F9-8DCD-7F76C07443CB}.Debug|Any CPU.Build.0 = Debug|Any CPU
		{C23C27CC-247D-48F9-8DCD-7F76C07443CB}.Release|Any CPU.ActiveCfg = Release|Any CPU
		{C23C27CC-247D-48F9-8DCD-7F76C07443CB}.Release|Any CPU.Build.0 = Release|Any CPU
	EndGlobalSection
	GlobalSection(SolutionProperties) = preSolution
		HideSolutionNode = FALSE
	EndGlobalSection
	GlobalSection(ExtensibilityGlobals) = postSolution
		SolutionGuid = {900A1FBF-AE51-4F30-8536-113835E42D20}
	EndGlobalSection
EndGlobal
